// !$*UTF8*$!
{
	archiveVersion = 1;
	classes = {
	};
	objectVersion = 46;
	objects = {

/* Begin PBXBuildFile section */
		B20CAABF16FE5B4200117A54 /* CoreFoundation.framework in Frameworks */ = {isa = PBXBuildFile; fileRef = B20CAABE16FE5B4200117A54 /* CoreFoundation.framework */; };
		B20CAAC516FE5B4200117A54 /* InfoPlist.strings in Resources */ = {isa = PBXBuildFile; fileRef = B20CAAC316FE5B4200117A54 /* InfoPlist.strings */; };
		B20CAAD216FE5FA200117A54 /* autolink.c in Sources */ = {isa = PBXBuildFile; fileRef = B20CAACE16FE5FA200117A54 /* autolink.c */; };
		B20CAAD316FE5FA200117A54 /* buffer.c in Sources */ = {isa = PBXBuildFile; fileRef = B20CAACF16FE5FA200117A54 /* buffer.c */; };
		B20CAAD416FE5FA200117A54 /* markdown.c in Sources */ = {isa = PBXBuildFile; fileRef = B20CAAD016FE5FA200117A54 /* markdown.c */; };
		B20CAAD516FE5FA200117A54 /* stack.c in Sources */ = {isa = PBXBuildFile; fileRef = B20CAAD116FE5FA200117A54 /* stack.c */; };
		B20CAADA16FE5FBF00117A54 /* houdini_href_e.c in Sources */ = {isa = PBXBuildFile; fileRef = B20CAAD616FE5FBF00117A54 /* houdini_href_e.c */; };
		B20CAADB16FE5FBF00117A54 /* houdini_html_e.c in Sources */ = {isa = PBXBuildFile; fileRef = B20CAAD716FE5FBF00117A54 /* houdini_html_e.c */; };
		B20CAADC16FE5FBF00117A54 /* html_smartypants.c in Sources */ = {isa = PBXBuildFile; fileRef = B20CAAD816FE5FBF00117A54 /* html_smartypants.c */; };
		B20CAADD16FE5FBF00117A54 /* html.c in Sources */ = {isa = PBXBuildFile; fileRef = B20CAAD916FE5FBF00117A54 /* html.c */; };
		B20CAADF16FE5FEB00117A54 /* mergMarkdown.c in Sources */ = {isa = PBXBuildFile; fileRef = B20CAADE16FE5FEB00117A54 /* mergMarkdown.c */; };
		B22698CA176C18A600F9A4BB /* Foundation.framework in Frameworks */ = {isa = PBXBuildFile; fileRef = B22698C9176C18A600F9A4BB /* Foundation.framework */; };
		B22698D6176C1C0100F9A4BB /* mergMarkdown.c in Sources */ = {isa = PBXBuildFile; fileRef = B20CAADE16FE5FEB00117A54 /* mergMarkdown.c */; };
		B22698D7176C1C0B00F9A4BB /* external.c in Sources */ = {isa = PBXBuildFile; fileRef = B243C450172AABDE0068EC91 /* external.c */; };
		B22698D8176C1C0B00F9A4BB /* houdini_href_e.c in Sources */ = {isa = PBXBuildFile; fileRef = B20CAAD616FE5FBF00117A54 /* houdini_href_e.c */; };
		B22698D9176C1C0B00F9A4BB /* houdini_html_e.c in Sources */ = {isa = PBXBuildFile; fileRef = B20CAAD716FE5FBF00117A54 /* houdini_html_e.c */; };
		B22698DA176C1C0B00F9A4BB /* html_smartypants.c in Sources */ = {isa = PBXBuildFile; fileRef = B20CAAD816FE5FBF00117A54 /* html_smartypants.c */; };
		B22698DB176C1C0B00F9A4BB /* html.c in Sources */ = {isa = PBXBuildFile; fileRef = B20CAAD916FE5FBF00117A54 /* html.c */; };
		B22698DC176C1C0B00F9A4BB /* autolink.c in Sources */ = {isa = PBXBuildFile; fileRef = B20CAACE16FE5FA200117A54 /* autolink.c */; };
		B22698DD176C1C0B00F9A4BB /* buffer.c in Sources */ = {isa = PBXBuildFile; fileRef = B20CAACF16FE5FA200117A54 /* buffer.c */; };
		B22698DE176C1C0B00F9A4BB /* markdown.c in Sources */ = {isa = PBXBuildFile; fileRef = B20CAAD016FE5FA200117A54 /* markdown.c */; };
		B22698DF176C1C0B00F9A4BB /* stack.c in Sources */ = {isa = PBXBuildFile; fileRef = B20CAAD116FE5FA200117A54 /* stack.c */; };
		B243C451172AABDE0068EC91 /* external.c in Sources */ = {isa = PBXBuildFile; fileRef = B243C450172AABDE0068EC91 /* external.c */; };
		B2B46617176EE9A2008B07AB /* external.c in Sources */ = {isa = PBXBuildFile; fileRef = B243C450172AABDE0068EC91 /* external.c */; };
		B2B46618176EE9A2008B07AB /* houdini_href_e.c in Sources */ = {isa = PBXBuildFile; fileRef = B20CAAD616FE5FBF00117A54 /* houdini_href_e.c */; };
		B2B46619176EE9A2008B07AB /* houdini_html_e.c in Sources */ = {isa = PBXBuildFile; fileRef = B20CAAD716FE5FBF00117A54 /* houdini_html_e.c */; };
		B2B4661A176EE9A2008B07AB /* html_smartypants.c in Sources */ = {isa = PBXBuildFile; fileRef = B20CAAD816FE5FBF00117A54 /* html_smartypants.c */; };
		B2B4661B176EE9A2008B07AB /* html.c in Sources */ = {isa = PBXBuildFile; fileRef = B20CAAD916FE5FBF00117A54 /* html.c */; };
		B2B4661C176EE9A2008B07AB /* autolink.c in Sources */ = {isa = PBXBuildFile; fileRef = B20CAACE16FE5FA200117A54 /* autolink.c */; };
		B2B4661D176EE9A2008B07AB /* buffer.c in Sources */ = {isa = PBXBuildFile; fileRef = B20CAACF16FE5FA200117A54 /* buffer.c */; };
		B2B4661E176EE9A2008B07AB /* markdown.c in Sources */ = {isa = PBXBuildFile; fileRef = B20CAAD016FE5FA200117A54 /* markdown.c */; };
		B2B4661F176EE9A2008B07AB /* stack.c in Sources */ = {isa = PBXBuildFile; fileRef = B20CAAD116FE5FA200117A54 /* stack.c */; };
		B2B46620176EE9A2008B07AB /* mergMarkdown.c in Sources */ = {isa = PBXBuildFile; fileRef = B20CAADE16FE5FEB00117A54 /* mergMarkdown.c */; };
/* End PBXBuildFile section */

/* Begin PBXCopyFilesBuildPhase section */
		B22698C6176C18A600F9A4BB /* CopyFiles */ = {
			isa = PBXCopyFilesBuildPhase;
			buildActionMask = 2147483647;
			dstPath = "include/${PRODUCT_NAME}";
			dstSubfolderSpec = 16;
			files = (
			);
			runOnlyForDeploymentPostprocessing = 0;
		};
/* End PBXCopyFilesBuildPhase section */

/* Begin PBXFileReference section */
		B20CAABB16FE5B4200117A54 /* mergMarkdown.bundle */ = {isa = PBXFileReference; explicitFileType = wrapper.cfbundle; includeInIndex = 0; path = mergMarkdown.bundle; sourceTree = BUILT_PRODUCTS_DIR; };
		B20CAABE16FE5B4200117A54 /* CoreFoundation.framework */ = {isa = PBXFileReference; lastKnownFileType = wrapper.framework; name = CoreFoundation.framework; path = System/Library/Frameworks/CoreFoundation.framework; sourceTree = SDKROOT; };
		B20CAAC216FE5B4200117A54 /* mergMarkdown-Info.plist */ = {isa = PBXFileReference; lastKnownFileType = text.plist.xml; path = "mergMarkdown-Info.plist"; sourceTree = "<group>"; };
		B20CAAC416FE5B4200117A54 /* en */ = {isa = PBXFileReference; lastKnownFileType = text.plist.strings; name = en; path = en.lproj/InfoPlist.strings; sourceTree = "<group>"; };
		B20CAAC616FE5B4200117A54 /* mergMarkdown-Prefix.pch */ = {isa = PBXFileReference; lastKnownFileType = sourcecode.c.h; path = "mergMarkdown-Prefix.pch"; sourceTree = "<group>"; };
		B20CAACE16FE5FA200117A54 /* autolink.c */ = {isa = PBXFileReference; fileEncoding = 4; lastKnownFileType = sourcecode.c.c; name = autolink.c; path = sundown/src/autolink.c; sourceTree = "<group>"; };
		B20CAACF16FE5FA200117A54 /* buffer.c */ = {isa = PBXFileReference; fileEncoding = 4; lastKnownFileType = sourcecode.c.c; name = buffer.c; path = sundown/src/buffer.c; sourceTree = "<group>"; };
		B20CAAD016FE5FA200117A54 /* markdown.c */ = {isa = PBXFileReference; fileEncoding = 4; lastKnownFileType = sourcecode.c.c; name = markdown.c; path = sundown/src/markdown.c; sourceTree = "<group>"; };
		B20CAAD116FE5FA200117A54 /* stack.c */ = {isa = PBXFileReference; fileEncoding = 4; lastKnownFileType = sourcecode.c.c; name = stack.c; path = sundown/src/stack.c; sourceTree = "<group>"; };
		B20CAAD616FE5FBF00117A54 /* houdini_href_e.c */ = {isa = PBXFileReference; fileEncoding = 4; lastKnownFileType = sourcecode.c.c; name = houdini_href_e.c; path = sundown/html/houdini_href_e.c; sourceTree = "<group>"; };
		B20CAAD716FE5FBF00117A54 /* houdini_html_e.c */ = {isa = PBXFileReference; fileEncoding = 4; lastKnownFileType = sourcecode.c.c; name = houdini_html_e.c; path = sundown/html/houdini_html_e.c; sourceTree = "<group>"; };
		B20CAAD816FE5FBF00117A54 /* html_smartypants.c */ = {isa = PBXFileReference; fileEncoding = 4; lastKnownFileType = sourcecode.c.c; name = html_smartypants.c; path = sundown/html/html_smartypants.c; sourceTree = "<group>"; };
		B20CAAD916FE5FBF00117A54 /* html.c */ = {isa = PBXFileReference; fileEncoding = 4; lastKnownFileType = sourcecode.c.c; name = html.c; path = sundown/html/html.c; sourceTree = "<group>"; };
		B20CAADE16FE5FEB00117A54 /* mergMarkdown.c */ = {isa = PBXFileReference; fileEncoding = 4; lastKnownFileType = sourcecode.c.c; path = mergMarkdown.c; sourceTree = "<group>"; };
		B22698C8176C18A600F9A4BB /* libmergMarkdown.a */ = {isa = PBXFileReference; explicitFileType = archive.ar; includeInIndex = 0; path = libmergMarkdown.a; sourceTree = BUILT_PRODUCTS_DIR; };
		B22698C9176C18A600F9A4BB /* Foundation.framework */ = {isa = PBXFileReference; lastKnownFileType = wrapper.framework; name = Foundation.framework; path = System/Library/Frameworks/Foundation.framework; sourceTree = SDKROOT; };
		B243C450172AABDE0068EC91 /* external.c */ = {isa = PBXFileReference; fileEncoding = 4; lastKnownFileType = sourcecode.c.c; name = external.c; path = external/external.c; sourceTree = "<group>"; };
		B2B46612176EE8E9008B07AB /* mergMarkdown.dylib */ = {isa = PBXFileReference; explicitFileType = archive.ar; includeInIndex = 0; path = mergMarkdown.dylib; sourceTree = BUILT_PRODUCTS_DIR; };
/* End PBXFileReference section */

/* Begin PBXFrameworksBuildPhase section */
		B20CAAB816FE5B4200117A54 /* Frameworks */ = {
			isa = PBXFrameworksBuildPhase;
			buildActionMask = 2147483647;
			files = (
				B20CAABF16FE5B4200117A54 /* CoreFoundation.framework in Frameworks */,
			);
			runOnlyForDeploymentPostprocessing = 0;
		};
		B22698C5176C18A600F9A4BB /* Frameworks */ = {
			isa = PBXFrameworksBuildPhase;
			buildActionMask = 2147483647;
			files = (
				B22698CA176C18A600F9A4BB /* Foundation.framework in Frameworks */,
			);
			runOnlyForDeploymentPostprocessing = 0;
		};
		B2B4660F176EE8E9008B07AB /* Frameworks */ = {
			isa = PBXFrameworksBuildPhase;
			buildActionMask = 2147483647;
			files = (
			);
			runOnlyForDeploymentPostprocessing = 0;
		};
/* End PBXFrameworksBuildPhase section */

/* Begin PBXGroup section */
		B20CAAB016FE5B4200117A54 = {
			isa = PBXGroup;
			children = (
				B20CAAC016FE5B4200117A54 /* mergMarkdown */,
				B20CAABD16FE5B4200117A54 /* Frameworks */,
				B20CAABC16FE5B4200117A54 /* Products */,
			);
			sourceTree = "<group>";
		};
		B20CAABC16FE5B4200117A54 /* Products */ = {
			isa = PBXGroup;
			children = (
				B20CAABB16FE5B4200117A54 /* mergMarkdown.bundle */,
				B22698C8176C18A600F9A4BB /* libmergMarkdown.a */,
				B2B46612176EE8E9008B07AB /* mergMarkdown.dylib */,
			);
			name = Products;
			sourceTree = "<group>";
		};
		B20CAABD16FE5B4200117A54 /* Frameworks */ = {
			isa = PBXGroup;
			children = (
				B20CAABE16FE5B4200117A54 /* CoreFoundation.framework */,
				B22698C9176C18A600F9A4BB /* Foundation.framework */,
			);
			name = Frameworks;
			sourceTree = "<group>";
		};
		B20CAAC016FE5B4200117A54 /* mergMarkdown */ = {
			isa = PBXGroup;
			children = (
				B243C450172AABDE0068EC91 /* external.c */,
				B20CAAD616FE5FBF00117A54 /* houdini_href_e.c */,
				B20CAAD716FE5FBF00117A54 /* houdini_html_e.c */,
				B20CAAD816FE5FBF00117A54 /* html_smartypants.c */,
				B20CAAD916FE5FBF00117A54 /* html.c */,
				B20CAACE16FE5FA200117A54 /* autolink.c */,
				B20CAACF16FE5FA200117A54 /* buffer.c */,
				B20CAAD016FE5FA200117A54 /* markdown.c */,
				B20CAAD116FE5FA200117A54 /* stack.c */,
				B20CAAC116FE5B4200117A54 /* Supporting Files */,
				B20CAADE16FE5FEB00117A54 /* mergMarkdown.c */,
			);
			path = mergMarkdown;
			sourceTree = "<group>";
		};
		B20CAAC116FE5B4200117A54 /* Supporting Files */ = {
			isa = PBXGroup;
			children = (
				B20CAAC216FE5B4200117A54 /* mergMarkdown-Info.plist */,
				B20CAAC316FE5B4200117A54 /* InfoPlist.strings */,
				B20CAAC616FE5B4200117A54 /* mergMarkdown-Prefix.pch */,
			);
			name = "Supporting Files";
			sourceTree = "<group>";
		};
/* End PBXGroup section */

/* Begin PBXHeadersBuildPhase section */
		B2B46610176EE8E9008B07AB /* Headers */ = {
			isa = PBXHeadersBuildPhase;
			buildActionMask = 2147483647;
			files = (
			);
			runOnlyForDeploymentPostprocessing = 0;
		};
/* End PBXHeadersBuildPhase section */

/* Begin PBXNativeTarget section */
		B20CAABA16FE5B4200117A54 /* mergMarkdown-OSX */ = {
			isa = PBXNativeTarget;
			buildConfigurationList = B20CAAC916FE5B4200117A54 /* Build configuration list for PBXNativeTarget "mergMarkdown-OSX" */;
			buildPhases = (
				B20CAAB716FE5B4200117A54 /* Sources */,
				B20CAAB816FE5B4200117A54 /* Frameworks */,
				B20CAAB916FE5B4200117A54 /* Resources */,
				B20CAAE016FE68DE00117A54 /* ShellScript */,
			);
			buildRules = (
			);
			dependencies = (
			);
			name = "mergMarkdown-OSX";
			productName = mergMarkdown;
			productReference = B20CAABB16FE5B4200117A54 /* mergMarkdown.bundle */;
			productType = "com.apple.product-type.bundle";
		};
		B22698C7176C18A600F9A4BB /* mergMarkdown-iOS */ = {
			isa = PBXNativeTarget;
			buildConfigurationList = B22698D4176C18A700F9A4BB /* Build configuration list for PBXNativeTarget "mergMarkdown-iOS" */;
			buildPhases = (
				B22698C4176C18A600F9A4BB /* Sources */,
				B22698C5176C18A600F9A4BB /* Frameworks */,
				B22698C6176C18A600F9A4BB /* CopyFiles */,
				B22698D5176C191900F9A4BB /* ShellScript */,
			);
			buildRules = (
			);
			dependencies = (
			);
			name = "mergMarkdown-iOS";
			productName = "mergMarkdown-iOS";
			productReference = B22698C8176C18A600F9A4BB /* libmergMarkdown.a */;
			productType = "com.apple.product-type.library.static";
		};
		B2B46611176EE8E9008B07AB /* mergMarkdown-Server */ = {
			isa = PBXNativeTarget;
			buildConfigurationList = B2B46615176EE8E9008B07AB /* Build configuration list for PBXNativeTarget "mergMarkdown-Server" */;
			buildPhases = (
				B2B4660E176EE8E9008B07AB /* Sources */,
				B2B4660F176EE8E9008B07AB /* Frameworks */,
				B2B46610176EE8E9008B07AB /* Headers */,
				B2B46616176EE954008B07AB /* ShellScript */,
			);
			buildRules = (
			);
			dependencies = (
			);
			name = "mergMarkdown-Server";
			productName = "mergMarkdown-Server";
			productReference = B2B46612176EE8E9008B07AB /* mergMarkdown.dylib */;
			productType = "com.apple.product-type.library.static";
		};
/* End PBXNativeTarget section */

/* Begin PBXProject section */
		B20CAAB216FE5B4200117A54 /* Project object */ = {
			isa = PBXProject;
			attributes = {
				LastUpgradeCheck = 0450;
				ORGANIZATIONNAME = mergExt;
			};
			buildConfigurationList = B20CAAB516FE5B4200117A54 /* Build configuration list for PBXProject "mergMarkdown" */;
			compatibilityVersion = "Xcode 3.2";
			developmentRegion = English;
			hasScannedForEncodings = 0;
			knownRegions = (
				en,
			);
			mainGroup = B20CAAB016FE5B4200117A54;
			productRefGroup = B20CAABC16FE5B4200117A54 /* Products */;
			projectDirPath = "";
			projectRoot = "";
			targets = (
				B20CAABA16FE5B4200117A54 /* mergMarkdown-OSX */,
				B22698C7176C18A600F9A4BB /* mergMarkdown-iOS */,
				B2B46611176EE8E9008B07AB /* mergMarkdown-Server */,
			);
		};
/* End PBXProject section */

/* Begin PBXResourcesBuildPhase section */
		B20CAAB916FE5B4200117A54 /* Resources */ = {
			isa = PBXResourcesBuildPhase;
			buildActionMask = 2147483647;
			files = (
				B20CAAC516FE5B4200117A54 /* InfoPlist.strings in Resources */,
			);
			runOnlyForDeploymentPostprocessing = 0;
		};
/* End PBXResourcesBuildPhase section */

/* Begin PBXShellScriptBuildPhase section */
		B20CAAE016FE68DE00117A54 /* ShellScript */ = {
			isa = PBXShellScriptBuildPhase;
			buildActionMask = 2147483647;
			files = (
			);
			inputPaths = (
			);
			outputPaths = (
			);
			runOnlyForDeploymentPostprocessing = 0;
			shellPath = /bin/sh;
			shellScript = "cp -r \"$BUILT_PRODUCTS_DIR/$EXECUTABLE_NAME.bundle\" \"/Users/montegoulding/Dropbox/LiveCode/Externals\"\ncp -r \"$BUILT_PRODUCTS_DIR/$EXECUTABLE_NAME.bundle\" \"$SRCROOT/binaries\"\ncp -r \"$BUILT_PRODUCTS_DIR/$EXECUTABLE_NAME.bundle\" \"$SRCROOT/distribute\"\ncp \"$SRCROOT/$EXECUTABLE_NAME/$EXECUTABLE_NAME.livecode\" \"$SRCROOT/binaries/$EXECUTABLE_NAME.livecode\"\nopen \"$SRCROOT/$EXECUTABLE_NAME/$EXECUTABLE_NAME.livecode\"";
		};
		B22698D5176C191900F9A4BB /* ShellScript */ = {
			isa = PBXShellScriptBuildPhase;
			buildActionMask = 2147483647;
			files = (
			);
			inputPaths = (
			);
			outputPaths = (
			);
			runOnlyForDeploymentPostprocessing = 0;
			shellPath = /bin/sh;
			shellScript = "export SYMBOLS=_getXtable\nsh \"$LIVECODE_SDKROOT/tools/lclink.sh\"";
		};
		B2B46616176EE954008B07AB /* ShellScript */ = {
			isa = PBXShellScriptBuildPhase;
			buildActionMask = 2147483647;
			files = (
			);
			inputPaths = (
			);
			outputPaths = (
			);
			runOnlyForDeploymentPostprocessing = 0;
			shellPath = /bin/sh;
			shellScript = "cp -r \"$BUILT_PRODUCTS_DIR/$EXECUTABLE_NAME\" \"$SRCROOT/binaries\"\ncp -r \"$BUILT_PRODUCTS_DIR/$EXECUTABLE_NAME\" \"$SRCROOT/distribute\"";
		};
/* End PBXShellScriptBuildPhase section */

/* Begin PBXSourcesBuildPhase section */
		B20CAAB716FE5B4200117A54 /* Sources */ = {
			isa = PBXSourcesBuildPhase;
			buildActionMask = 2147483647;
			files = (
				B20CAAD216FE5FA200117A54 /* autolink.c in Sources */,
				B20CAAD316FE5FA200117A54 /* buffer.c in Sources */,
				B20CAAD416FE5FA200117A54 /* markdown.c in Sources */,
				B20CAAD516FE5FA200117A54 /* stack.c in Sources */,
				B20CAADA16FE5FBF00117A54 /* houdini_href_e.c in Sources */,
				B20CAADB16FE5FBF00117A54 /* houdini_html_e.c in Sources */,
				B20CAADC16FE5FBF00117A54 /* html_smartypants.c in Sources */,
				B20CAADD16FE5FBF00117A54 /* html.c in Sources */,
				B20CAADF16FE5FEB00117A54 /* mergMarkdown.c in Sources */,
				B243C451172AABDE0068EC91 /* external.c in Sources */,
			);
			runOnlyForDeploymentPostprocessing = 0;
		};
		B22698C4176C18A600F9A4BB /* Sources */ = {
			isa = PBXSourcesBuildPhase;
			buildActionMask = 2147483647;
			files = (
				B22698D6176C1C0100F9A4BB /* mergMarkdown.c in Sources */,
				B22698D7176C1C0B00F9A4BB /* external.c in Sources */,
				B22698D8176C1C0B00F9A4BB /* houdini_href_e.c in Sources */,
				B22698D9176C1C0B00F9A4BB /* houdini_html_e.c in Sources */,
				B22698DA176C1C0B00F9A4BB /* html_smartypants.c in Sources */,
				B22698DB176C1C0B00F9A4BB /* html.c in Sources */,
				B22698DC176C1C0B00F9A4BB /* autolink.c in Sources */,
				B22698DD176C1C0B00F9A4BB /* buffer.c in Sources */,
				B22698DE176C1C0B00F9A4BB /* markdown.c in Sources */,
				B22698DF176C1C0B00F9A4BB /* stack.c in Sources */,
			);
			runOnlyForDeploymentPostprocessing = 0;
		};
		B2B4660E176EE8E9008B07AB /* Sources */ = {
			isa = PBXSourcesBuildPhase;
			buildActionMask = 2147483647;
			files = (
				B2B46617176EE9A2008B07AB /* external.c in Sources */,
				B2B46618176EE9A2008B07AB /* houdini_href_e.c in Sources */,
				B2B46619176EE9A2008B07AB /* houdini_html_e.c in Sources */,
				B2B4661A176EE9A2008B07AB /* html_smartypants.c in Sources */,
				B2B4661B176EE9A2008B07AB /* html.c in Sources */,
				B2B4661C176EE9A2008B07AB /* autolink.c in Sources */,
				B2B4661D176EE9A2008B07AB /* buffer.c in Sources */,
				B2B4661E176EE9A2008B07AB /* markdown.c in Sources */,
				B2B4661F176EE9A2008B07AB /* stack.c in Sources */,
				B2B46620176EE9A2008B07AB /* mergMarkdown.c in Sources */,
			);
			runOnlyForDeploymentPostprocessing = 0;
		};
/* End PBXSourcesBuildPhase section */

/* Begin PBXVariantGroup section */
		B20CAAC316FE5B4200117A54 /* InfoPlist.strings */ = {
			isa = PBXVariantGroup;
			children = (
				B20CAAC416FE5B4200117A54 /* en */,
			);
			name = InfoPlist.strings;
			sourceTree = "<group>";
		};
/* End PBXVariantGroup section */

/* Begin XCBuildConfiguration section */
		B20CAAC716FE5B4200117A54 /* Debug */ = {
			isa = XCBuildConfiguration;
			buildSettings = {
				ALWAYS_SEARCH_USER_PATHS = YES;
				ARCHS = "$(ARCHS_STANDARD_32_BIT)";
				CLANG_CXX_LANGUAGE_STANDARD = "gnu++0x";
				CLANG_CXX_LIBRARY = "libc++";
				CLANG_WARN_EMPTY_BODY = YES;
				CLANG_WARN__DUPLICATE_METHOD_MATCH = YES;
				COPY_PHASE_STRIP = NO;
				GCC_C_LANGUAGE_STANDARD = gnu99;
				GCC_DYNAMIC_NO_PIC = NO;
				GCC_ENABLE_OBJC_EXCEPTIONS = YES;
				GCC_OPTIMIZATION_LEVEL = 0;
				GCC_PREPROCESSOR_DEFINITIONS = (
					"DEBUG=1",
					"$(inherited)",
				);
				GCC_SYMBOLS_PRIVATE_EXTERN = NO;
				GCC_WARN_64_TO_32_BIT_CONVERSION = YES;
				GCC_WARN_ABOUT_RETURN_TYPE = YES;
				GCC_WARN_UNINITIALIZED_AUTOS = YES;
				GCC_WARN_UNUSED_VARIABLE = YES;
				HEADER_SEARCH_PATHS = (
					$SRCROOT/LCExternal,
					"$SRCROOT/sundown/**",
				);
				MACOSX_DEPLOYMENT_TARGET = 10.8;
				ONLY_ACTIVE_ARCH = YES;
				SDKROOT = macosx;
			};
			name = Debug;
		};
		B20CAAC816FE5B4200117A54 /* Release */ = {
			isa = XCBuildConfiguration;
			buildSettings = {
				ALWAYS_SEARCH_USER_PATHS = YES;
				ARCHS = "$(ARCHS_STANDARD_32_BIT)";
				CLANG_CXX_LANGUAGE_STANDARD = "gnu++0x";
				CLANG_CXX_LIBRARY = "libc++";
				CLANG_WARN_EMPTY_BODY = YES;
				CLANG_WARN__DUPLICATE_METHOD_MATCH = YES;
				COPY_PHASE_STRIP = YES;
				DEBUG_INFORMATION_FORMAT = "dwarf-with-dsym";
				GCC_C_LANGUAGE_STANDARD = gnu99;
				GCC_ENABLE_OBJC_EXCEPTIONS = YES;
				GCC_WARN_64_TO_32_BIT_CONVERSION = YES;
				GCC_WARN_ABOUT_RETURN_TYPE = YES;
				GCC_WARN_UNINITIALIZED_AUTOS = YES;
				GCC_WARN_UNUSED_VARIABLE = YES;
				HEADER_SEARCH_PATHS = (
					$SRCROOT/LCExternal,
					"$SRCROOT/sundown/**",
				);
				MACOSX_DEPLOYMENT_TARGET = 10.8;
				SDKROOT = macosx;
			};
			name = Release;
		};
		B20CAACA16FE5B4200117A54 /* Debug */ = {
			isa = XCBuildConfiguration;
			buildSettings = {
				COMBINE_HIDPI_IMAGES = YES;
				GCC_PRECOMPILE_PREFIX_HEADER = YES;
				GCC_PREFIX_HEADER = "mergMarkdown/mergMarkdown-Prefix.pch";
				HEADER_SEARCH_PATHS = (
					$SRCROOT/external,
					"$SRCROOT/sundown/**",
				);
				INFOPLIST_FILE = "mergMarkdown/mergMarkdown-Info.plist";
				INSTALL_PATH = "$(LOCAL_LIBRARY_DIR)/Bundles";
				PRODUCT_NAME = mergMarkdown;
				WRAPPER_EXTENSION = bundle;
			};
			name = Debug;
		};
		B20CAACB16FE5B4200117A54 /* Release */ = {
			isa = XCBuildConfiguration;
			buildSettings = {
				COMBINE_HIDPI_IMAGES = YES;
				GCC_PRECOMPILE_PREFIX_HEADER = YES;
				GCC_PREFIX_HEADER = "mergMarkdown/mergMarkdown-Prefix.pch";
				HEADER_SEARCH_PATHS = (
					$SRCROOT/external,
					"$SRCROOT/sundown/**",
				);
				INFOPLIST_FILE = "mergMarkdown/mergMarkdown-Info.plist";
				INSTALL_PATH = "$(LOCAL_LIBRARY_DIR)/Bundles";
				PRODUCT_NAME = mergMarkdown;
				WRAPPER_EXTENSION = bundle;
			};
			name = Release;
		};
		B22698D2176C18A700F9A4BB /* Debug */ = {
			isa = XCBuildConfiguration;
			buildSettings = {
				ALWAYS_SEARCH_USER_PATHS = YES;
				ARCHS = armv7;
				CLANG_WARN_CONSTANT_CONVERSION = YES;
				CLANG_WARN_ENUM_CONVERSION = YES;
				CLANG_WARN_INT_CONVERSION = YES;
				DSTROOT = /tmp/mergMarkdown_iOS.dst;
				GCC_PRECOMPILE_PREFIX_HEADER = NO;
				GCC_PREFIX_HEADER = "";
				IPHONEOS_DEPLOYMENT_TARGET = 6.1;
				LIVECODE_SDKROOT = "$(USER_LIBRARY_DIR)/Application Support/RunRev/Components/LiveCodeSDK";
				OTHER_LDFLAGS = "-ObjC";
				PRODUCT_NAME = mergMarkdown;
				SDKROOT = iphoneos;
				SKIP_INSTALL = YES;
			};
			name = Debug;
		};
		B22698D3176C18A700F9A4BB /* Release */ = {
			isa = XCBuildConfiguration;
			buildSettings = {
				ALWAYS_SEARCH_USER_PATHS = YES;
				ARCHS = armv7;
				CLANG_WARN_CONSTANT_CONVERSION = YES;
				CLANG_WARN_ENUM_CONVERSION = YES;
				CLANG_WARN_INT_CONVERSION = YES;
				DSTROOT = /tmp/mergMarkdown_iOS.dst;
				GCC_PRECOMPILE_PREFIX_HEADER = NO;
				GCC_PREFIX_HEADER = "";
				IPHONEOS_DEPLOYMENT_TARGET = 6.1;
				LIVECODE_SDKROOT = "$(USER_LIBRARY_DIR)/Application Support/RunRev/Components/LiveCodeSDK";
				OTHER_LDFLAGS = "-ObjC";
				PRODUCT_NAME = mergMarkdown;
				SDKROOT = iphoneos;
				SKIP_INSTALL = YES;
				VALIDATE_PRODUCT = YES;
			};
			name = Release;
		};
		B2B46613176EE8E9008B07AB /* Debug */ = {
			isa = XCBuildConfiguration;
			buildSettings = {
				ALWAYS_SEARCH_USER_PATHS = YES;
				ARCHS = "$(ARCHS_STANDARD_32_BIT)";
				CLANG_WARN_CONSTANT_CONVERSION = YES;
				CLANG_WARN_ENUM_CONVERSION = YES;
				CLANG_WARN_INT_CONVERSION = YES;
				EXECUTABLE_EXTENSION = dylib;
				EXECUTABLE_PREFIX = "";
				MACH_O_TYPE = mh_dylib;
				PRODUCT_NAME = mergMarkdown;
			};
			name = Debug;
		};
		B2B46614176EE8E9008B07AB /* Release */ = {
			isa = XCBuildConfiguration;
			buildSettings = {
				ALWAYS_SEARCH_USER_PATHS = YES;
				ARCHS = "$(ARCHS_STANDARD_32_BIT)";
				CLANG_WARN_CONSTANT_CONVERSION = YES;
				CLANG_WARN_ENUM_CONVERSION = YES;
				CLANG_WARN_INT_CONVERSION = YES;
				EXECUTABLE_EXTENSION = dylib;
				EXECUTABLE_PREFIX = "";
				MACH_O_TYPE = mh_dylib;
				PRODUCT_NAME = mergMarkdown;
			};
			name = Release;
		};
/* End XCBuildConfiguration section */

/* Begin XCConfigurationList section */
		B20CAAB516FE5B4200117A54 /* Build configuration list for PBXProject "mergMarkdown" */ = {
			isa = XCConfigurationList;
			buildConfigurations = (
				B20CAAC716FE5B4200117A54 /* Debug */,
				B20CAAC816FE5B4200117A54 /* Release */,
			);
			defaultConfigurationIsVisible = 0;
			defaultConfigurationName = Release;
		};
		B20CAAC916FE5B4200117A54 /* Build configuration list for PBXNativeTarget "mergMarkdown-OSX" */ = {
			isa = XCConfigurationList;
			buildConfigurations = (
				B20CAACA16FE5B4200117A54 /* Debug */,
				B20CAACB16FE5B4200117A54 /* Release */,
			);
			defaultConfigurationIsVisible = 0;
			defaultConfigurationName = Release;
		};
		B22698D4176C18A700F9A4BB /* Build configuration list for PBXNativeTarget "mergMarkdown-iOS" */ = {
			isa = XCConfigurationList;
			buildConfigurations = (
				B22698D2176C18A700F9A4BB /* Debug */,
				B22698D3176C18A700F9A4BB /* Release */,
			);
			defaultConfigurationIsVisible = 0;
			defaultConfigurationName = Release;
		};
		B2B46615176EE8E9008B07AB /* Build configuration list for PBXNativeTarget "mergMarkdown-Server" */ = {
			isa = XCConfigurationList;
			buildConfigurations = (
				B2B46613176EE8E9008B07AB /* Debug */,
				B2B46614176EE8E9008B07AB /* Release */,
			);
			defaultConfigurationIsVisible = 0;
			defaultConfigurationName = Release;
		};
/* End XCConfigurationList section */
	};
	rootObject = B20CAAB216FE5B4200117A54 /* Project object */;
}
